<Solution>
  <Folder Name="/src/">
    <Project Path="src/RJ.Api/RJ.Api.csproj" />
    <Project Path="src/RJ.Application/RJ.Application.csproj" />
    <Project Path="src/RJ.BenchmarkCli/RJ.BenchmarkCli.csproj" />
    <Project Path="src/RJ.Domain/RJ.Domain.csproj" />
    <Project Path="src/RJ.Infrastructure/RJ.Infrastructure.csproj" />
  </Folder>
  <Folder Name="/tests/">
    <Project Path="tests/RJ.ApiTests/RJ.ApiTests.csproj" />
    <Project Path="tests/RJ.ArchitectureTests/RJ.ArchitectureTests.csproj" />
    <Project Path="tests/RJ.DomainTests/RJ.DomainTests.csproj" />
    <Project Path="tests/RJ.HttpContractTests/RJ.HttpContractTests.csproj" />
    <Project Path="tests/RJ.IntegrationTests/RJ.IntegrationTests.csproj" />
  </Folder>
  <Folder Name="/tools/">
    <Project Path="tools/RJ.AttachmentAdmissionVerifier/RJ.AttachmentAdmissionVerifier.csproj" />
    <Project Path="tools/RJ.DatabaseMigrator/RJ.DatabaseMigrator.csproj" />
    <Project Path="tools/RJ.DataJudFixtureVerifier/RJ.DataJudFixtureVerifier.csproj" />
    <Project Path="tools/RJ.DemoSeeder/RJ.DemoSeeder.csproj" />
    <Project Path="tools/RJ.EmpiricalSelectionVerifier/RJ.EmpiricalSelectionVerifier.csproj" />
    <Project Path="tools/RJ.Eval010CorpusVerifier/RJ.Eval010CorpusVerifier.csproj" />
    <Project Path="tools/RJ.GenerationObservationMaterializer/RJ.GenerationObservationMaterializer.csproj" />
    <Project Path="tools/RJ.RetrievalBenchmarkRunner/RJ.RetrievalBenchmarkRunner.csproj" />
    <Project Path="tools/RJ.RetrievalObservationMaterializer/RJ.RetrievalObservationMaterializer.csproj" />
  </Folder>
</Solution>
